
Microsoft Visual Studio Solution File, Format Version 12.00
# Visual Studio Version 16
VisualStudioVersion = 16.0.30309.148
MinimumVisualStudioVersion = 10.0.40219.1
Project("{9092AA53-FB77-4645-B42D-1CCCA6BD08BD}") = "ThaiHung", "ThaiHung.njsproj", "{21CCF047-EB54-4280-9941-057C46C02AE3}"
EndProject
Global
	GlobalSection(SolutionConfigurationPlatforms) = preSolution
		Debug|Any CPU = Debug|Any CPU
		Release|Any CPU = Release|Any CPU
	EndGlobalSection
	GlobalSection(ProjectConfigurationPlatforms) = postSolution
		{21CCF047-EB54-4280-9941-057C46C02AE3}.Debug|Any CPU.ActiveCfg = Debug|Any CPU
		{21CCF047-EB54-4280-9941-057C46C02AE3}.Debug|Any CPU.Build.0 = Debug|Any CPU
		{21CCF047-EB54-4280-9941-057C46C02AE3}.Release|Any CPU.ActiveCfg = Release|Any CPU
		{21CCF047-EB54-4280-9941-057C46C02AE3}.Release|Any CPU.Build.0 = Release|Any CPU
	EndGlobalSection
	GlobalSection(SolutionProperties) = preSolution
		HideSolutionNode = FALSE
	EndGlobalSection
	GlobalSection(ExtensibilityGlobals) = postSolution
		SolutionGuid = {03B598E6-6A79-4AF0-AC2E-7D0E8A70989D}
	EndGlobalSection
EndGlobal
